
Microsoft Visual Studio Solution File, Format Version 12.00
# Visual Studio Version 17
VisualStudioVersion = 17.1.32328.378
MinimumVisualStudioVersion = 10.0.40219.1
Project("{FAE04EC0-301F-11D3-BF4B-00C04F79EFBC}") = "Application", "ConsoleApp1\Application.csproj", "{6C85AC16-0F46-47E1-8B9C-0A5BDDB6D830}"
EndProject
Project("{FAE04EC0-301F-11D3-BF4B-00C04F79EFBC}") = "Storage", "Storage\Storage.csproj", "{7D2BCEF9-4562-4811-9259-D31ADDD30631}"
EndProject
Project("{FAE04EC0-301F-11D3-BF4B-00C04F79EFBC}") = "Shop", "Shop\Shop.csproj", "{BDA602D8-714A-4838-AE97-E8BE871BC1FF}"
EndProject
Global
	GlobalSection(SolutionConfigurationPlatforms) = preSolution
		Debug|Any CPU = Debug|Any CPU
		Release|Any CPU = Release|Any CPU
	EndGlobalSection
	GlobalSection(ProjectConfigurationPlatforms) = postSolution
		{6C85AC16-0F46-47E1-8B9C-0A5BDDB6D830}.Debug|Any CPU.ActiveCfg = Debug|Any CPU
		{6C85AC16-0F46-47E1-8B9C-0A5BDDB6D830}.Debug|Any CPU.Build.0 = Debug|Any CPU
		{6C85AC16-0F46-47E1-8B9C-0A5BDDB6D830}.Release|Any CPU.ActiveCfg = Release|Any CPU
		{6C85AC16-0F46-47E1-8B9C-0A5BDDB6D830}.Release|Any CPU.Build.0 = Release|Any CPU
		{7D2BCEF9-4562-4811-9259-D31ADDD30631}.Debug|Any CPU.ActiveCfg = Debug|Any CPU
		{7D2BCEF9-4562-4811-9259-D31ADDD30631}.Debug|Any CPU.Build.0 = Debug|Any CPU
		{7D2BCEF9-4562-4811-9259-D31ADDD30631}.Release|Any CPU.ActiveCfg = Release|Any CPU
		{7D2BCEF9-4562-4811-9259-D31ADDD30631}.Release|Any CPU.Build.0 = Release|Any CPU
		{BDA602D8-714A-4838-AE97-E8BE871BC1FF}.Debug|Any CPU.ActiveCfg = Debug|Any CPU
		{BDA602D8-714A-4838-AE97-E8BE871BC1FF}.Debug|Any CPU.Build.0 = Debug|Any CPU
		{BDA602D8-714A-4838-AE97-E8BE871BC1FF}.Release|Any CPU.ActiveCfg = Release|Any CPU
		{BDA602D8-714A-4838-AE97-E8BE871BC1FF}.Release|Any CPU.Build.0 = Release|Any CPU
	EndGlobalSection
	GlobalSection(SolutionProperties) = preSolution
		HideSolutionNode = FALSE
	EndGlobalSection
	GlobalSection(ExtensibilityGlobals) = postSolution
		SolutionGuid = {7EDE6205-57DB-4306-9002-25F0D7E616AE}
	EndGlobalSection
EndGlobal
